// !$*UTF8*$!
{
	archiveVersion = 1;
	classes = {
	};
	objectVersion = 46;
	objects = {

/* Begin PBXBuildFile section */
		9422BC4C1E3C4B9C00D00B0E /* pokemon.csv in Resources */ = {isa = PBXBuildFile; fileRef = 9422BC4B1E3C4B9C00D00B0E /* pokemon.csv */; };
		9422BC4F1E3C4CFB00D00B0E /* Pokemon.swift in Sources */ = {isa = PBXBuildFile; fileRef = 9422BC4E1E3C4CFB00D00B0E /* Pokemon.swift */; };
		9422BC511E3C4EC300D00B0E /* music.mp3 in Resources */ = {isa = PBXBuildFile; fileRef = 9422BC501E3C4EC300D00B0E /* music.mp3 */; };
		9422BC541E3CDCD600D00B0E /* PokeCell.swift in Sources */ = {isa = PBXBuildFile; fileRef = 9422BC531E3CDCD600D00B0E /* PokeCell.swift */; };
		9422BC561E3CE4F800D00B0E /* csv.swift in Sources */ = {isa = PBXBuildFile; fileRef = 9422BC551E3CE4F800D00B0E /* csv.swift */; };
		9422BC5B1E3CECD700D00B0E /* Pokemon.ttf in Resources */ = {isa = PBXBuildFile; fileRef = 9422BC5A1E3CECD700D00B0E /* Pokemon.ttf */; };
		9422BC5D1E3D261D00D00B0E /* PokemonDetailVC.swift in Sources */ = {isa = PBXBuildFile; fileRef = 9422BC5C1E3D261D00D00B0E /* PokemonDetailVC.swift */; };
		944B38961E402F6500F17F46 /* Constants.swift in Sources */ = {isa = PBXBuildFile; fileRef = 944B38951E402F6500F17F46 /* Constants.swift */; };
		94F1FC751E3C45E000D141A6 /* AppDelegate.swift in Sources */ = {isa = PBXBuildFile; fileRef = 94F1FC741E3C45E000D141A6 /* AppDelegate.swift */; };
		94F1FC771E3C45E000D141A6 /* ViewController.swift in Sources */ = {isa = PBXBuildFile; fileRef = 94F1FC761E3C45E000D141A6 /* ViewController.swift */; };
		94F1FC7A1E3C45E000D141A6 /* Main.storyboard in Resources */ = {isa = PBXBuildFile; fileRef = 94F1FC781E3C45E000D141A6 /* Main.storyboard */; };
		94F1FC7C1E3C45E000D141A6 /* Assets.xcassets in Resources */ = {isa = PBXBuildFile; fileRef = 94F1FC7B1E3C45E000D141A6 /* Assets.xcassets */; };
		94F1FC7F1E3C45E000D141A6 /* LaunchScreen.storyboard in Resources */ = {isa = PBXBuildFile; fileRef = 94F1FC7D1E3C45E000D141A6 /* LaunchScreen.storyboard */; };
		DC8454FD50BAE41D81141574 /* Pods_pokedex.framework in Frameworks */ = {isa = PBXBuildFile; fileRef = 681C1DB6BF5574B3A8B3EC8D /* Pods_pokedex.framework */; };
/* End PBXBuildFile section */

/* Begin PBXFileReference section */
		18791B6E57AF87890E2967E9 /* Pods-pokedex.debug.xcconfig */ = {isa = PBXFileReference; includeInIndex = 1; lastKnownFileType = text.xcconfig; name = "Pods-pokedex.debug.xcconfig"; path = "Pods/Target Support Files/Pods-pokedex/Pods-pokedex.debug.xcconfig"; sourceTree = "<group>"; };
		681C1DB6BF5574B3A8B3EC8D /* Pods_pokedex.framework */ = {isa = PBXFileReference; explicitFileType = wrapper.framework; includeInIndex = 0; path = Pods_pokedex.framework; sourceTree = BUILT_PRODUCTS_DIR; };
		9422BC4B1E3C4B9C00D00B0E /* pokemon.csv */ = {isa = PBXFileReference; fileEncoding = 4; lastKnownFileType = text; path = pokemon.csv; sourceTree = "<group>"; };
		9422BC4E1E3C4CFB00D00B0E /* Pokemon.swift */ = {isa = PBXFileReference; fileEncoding = 4; lastKnownFileType = sourcecode.swift; path = Pokemon.swift; sourceTree = "<group>"; };
		9422BC501E3C4EC300D00B0E /* music.mp3 */ = {isa = PBXFileReference; lastKnownFileType = audio.mp3; path = music.mp3; sourceTree = "<group>"; };
		9422BC531E3CDCD600D00B0E /* PokeCell.swift */ = {isa = PBXFileReference; fileEncoding = 4; lastKnownFileType = sourcecode.swift; path = PokeCell.swift; sourceTree = "<group>"; };
		9422BC551E3CE4F800D00B0E /* csv.swift */ = {isa = PBXFileReference; fileEncoding = 4; lastKnownFileType = sourcecode.swift; path = csv.swift; sourceTree = "<group>"; };
		9422BC5A1E3CECD700D00B0E /* Pokemon.ttf */ = {isa = PBXFileReference; lastKnownFileType = file; path = Pokemon.ttf; sourceTree = "<group>"; };
		9422BC5C1E3D261D00D00B0E /* PokemonDetailVC.swift */ = {isa = PBXFileReference; fileEncoding = 4; lastKnownFileType = sourcecode.swift; path = PokemonDetailVC.swift; sourceTree = "<group>"; };
		944B38951E402F6500F17F46 /* Constants.swift */ = {isa = PBXFileReference; fileEncoding = 4; lastKnownFileType = sourcecode.swift; path = Constants.swift; sourceTree = "<group>"; };
		94F1FC711E3C45E000D141A6 /* pokedex.app */ = {isa = PBXFileReference; explicitFileType = wrapper.application; includeInIndex = 0; path = pokedex.app; sourceTree = BUILT_PRODUCTS_DIR; };
		94F1FC741E3C45E000D141A6 /* AppDelegate.swift */ = {isa = PBXFileReference; lastKnownFileType = sourcecode.swift; path = AppDelegate.swift; sourceTree = "<group>"; };
		94F1FC761E3C45E000D141A6 /* ViewController.swift */ = {isa = PBXFileReference; lastKnownFileType = sourcecode.swift; path = ViewController.swift; sourceTree = "<group>"; };
		94F1FC791E3C45E000D141A6 /* Base */ = {isa = PBXFileReference; lastKnownFileType = file.storyboard; name = Base; path = Base.lproj/Main.storyboard; sourceTree = "<group>"; };
		94F1FC7B1E3C45E000D141A6 /* Assets.xcassets */ = {isa = PBXFileReference; lastKnownFileType = folder.assetcatalog; path = Assets.xcassets; sourceTree = "<group>"; };
		94F1FC7E1E3C45E000D141A6 /* Base */ = {isa = PBXFileReference; lastKnownFileType = file.storyboard; name = Base; path = Base.lproj/LaunchScreen.storyboard; sourceTree = "<group>"; };
		94F1FC801E3C45E000D141A6 /* Info.plist */ = {isa = PBXFileReference; lastKnownFileType = text.plist.xml; path = Info.plist; sourceTree = "<group>"; };
		AB5BAA11AF53DAF2ABDC87FE /* Pods-pokedex.release.xcconfig */ = {isa = PBXFileReference; includeInIndex = 1; lastKnownFileType = text.xcconfig; name = "Pods-pokedex.release.xcconfig"; path = "Pods/Target Support Files/Pods-pokedex/Pods-pokedex.release.xcconfig"; sourceTree = "<group>"; };
/* End PBXFileReference section */

/* Begin PBXFrameworksBuildPhase section */
		94F1FC6E1E3C45E000D141A6 /* Frameworks */ = {
			isa = PBXFrameworksBuildPhase;
			buildActionMask = 2147483647;
			files = (
				DC8454FD50BAE41D81141574 /* Pods_pokedex.framework in Frameworks */,
			);
			runOnlyForDeploymentPostprocessing = 0;
		};
/* End PBXFrameworksBuildPhase section */

/* Begin PBXGroup section */
		8E1F38EA164DAD2904516813 /* Frameworks */ = {
			isa = PBXGroup;
			children = (
				681C1DB6BF5574B3A8B3EC8D /* Pods_pokedex.framework */,
			);
			name = Frameworks;
			sourceTree = "<group>";
		};
		9422BC4D1E3C4CEB00D00B0E /* Model */ = {
			isa = PBXGroup;
			children = (
				9422BC4E1E3C4CFB00D00B0E /* Pokemon.swift */,
			);
			name = Model;
			sourceTree = "<group>";
		};
		9422BC521E3CDC9D00D00B0E /* View */ = {
			isa = PBXGroup;
			children = (
				9422BC531E3CDCD600D00B0E /* PokeCell.swift */,
			);
			name = View;
			sourceTree = "<group>";
		};
		9422BC571E3CE51F00D00B0E /* Util */ = {
			isa = PBXGroup;
			children = (
				9422BC551E3CE4F800D00B0E /* csv.swift */,
				944B38951E402F6500F17F46 /* Constants.swift */,
			);
			name = Util;
			sourceTree = "<group>";
		};
		9422BC581E3CE53200D00B0E /* Controller */ = {
			isa = PBXGroup;
			children = (
				94F1FC761E3C45E000D141A6 /* ViewController.swift */,
				9422BC5C1E3D261D00D00B0E /* PokemonDetailVC.swift */,
			);
			name = Controller;
			sourceTree = "<group>";
		};
		9422BC591E3CE53C00D00B0E /* Resources */ = {
			isa = PBXGroup;
			children = (
				9422BC4B1E3C4B9C00D00B0E /* pokemon.csv */,
				9422BC5A1E3CECD700D00B0E /* Pokemon.ttf */,
			);
			name = Resources;
			sourceTree = "<group>";
		};
		94F1FC681E3C45E000D141A6 = {
			isa = PBXGroup;
			children = (
				94F1FC731E3C45E000D141A6 /* pokedex */,
				94F1FC721E3C45E000D141A6 /* Products */,
				A61A7EAA6169A17814250319 /* Pods */,
				8E1F38EA164DAD2904516813 /* Frameworks */,
			);
			sourceTree = "<group>";
		};
		94F1FC721E3C45E000D141A6 /* Products */ = {
			isa = PBXGroup;
			children = (
				94F1FC711E3C45E000D141A6 /* pokedex.app */,
			);
			name = Products;
			sourceTree = "<group>";
		};
		94F1FC731E3C45E000D141A6 /* pokedex */ = {
			isa = PBXGroup;
			children = (
				9422BC4D1E3C4CEB00D00B0E /* Model */,
				9422BC521E3CDC9D00D00B0E /* View */,
				9422BC581E3CE53200D00B0E /* Controller */,
				9422BC571E3CE51F00D00B0E /* Util */,
				9422BC591E3CE53C00D00B0E /* Resources */,
				94F1FC741E3C45E000D141A6 /* AppDelegate.swift */,
				94F1FC781E3C45E000D141A6 /* Main.storyboard */,
				94F1FC7B1E3C45E000D141A6 /* Assets.xcassets */,
				94F1FC7D1E3C45E000D141A6 /* LaunchScreen.storyboard */,
				94F1FC801E3C45E000D141A6 /* Info.plist */,
				9422BC501E3C4EC300D00B0E /* music.mp3 */,
			);
			path = pokedex;
			sourceTree = "<group>";
		};
		A61A7EAA6169A17814250319 /* Pods */ = {
			isa = PBXGroup;
			children = (
				18791B6E57AF87890E2967E9 /* Pods-pokedex.debug.xcconfig */,
				AB5BAA11AF53DAF2ABDC87FE /* Pods-pokedex.release.xcconfig */,
			);
			name = Pods;
			sourceTree = "<group>";
		};
/* End PBXGroup section */

/* Begin PBXNativeTarget section */
		94F1FC701E3C45E000D141A6 /* pokedex */ = {
			isa = PBXNativeTarget;
			buildConfigurationList = 94F1FC831E3C45E000D141A6 /* Build configuration list for PBXNativeTarget "pokedex" */;
			buildPhases = (
				3390CC708B2EE3930B505881 /* [CP] Check Pods Manifest.lock */,
				94F1FC6D1E3C45E000D141A6 /* Sources */,
				94F1FC6E1E3C45E000D141A6 /* Frameworks */,
				94F1FC6F1E3C45E000D141A6 /* Resources */,
				675F99401C1E8BEA00CCC17F /* [CP] Embed Pods Frameworks */,
				F458E539F57E5BB5323EB106 /* [CP] Copy Pods Resources */,
			);
			buildRules = (
			);
			dependencies = (
			);
			name = pokedex;
			productName = pokedex;
			productReference = 94F1FC711E3C45E000D141A6 /* pokedex.app */;
			productType = "com.apple.product-type.application";
		};
/* End PBXNativeTarget section */

/* Begin PBXProject section */
		94F1FC691E3C45E000D141A6 /* Project object */ = {
			isa = PBXProject;
			attributes = {
				LastSwiftUpdateCheck = 0820;
				LastUpgradeCheck = 0820;
				ORGANIZATIONNAME = ryan;
				TargetAttributes = {
					94F1FC701E3C45E000D141A6 = {
						CreatedOnToolsVersion = 8.2.1;
						ProvisioningStyle = Automatic;
					};
				};
			};
			buildConfigurationList = 94F1FC6C1E3C45E000D141A6 /* Build configuration list for PBXProject "pokedex" */;
			compatibilityVersion = "Xcode 3.2";
			developmentRegion = English;
			hasScannedForEncodings = 0;
			knownRegions = (
				en,
				Base,
			);
			mainGroup = 94F1FC681E3C45E000D141A6;
			productRefGroup = 94F1FC721E3C45E000D141A6 /* Products */;
			projectDirPath = "";
			projectRoot = "";
			targets = (
				94F1FC701E3C45E000D141A6 /* pokedex */,
			);
		};
/* End PBXProject section */

/* Begin PBXResourcesBuildPhase section */
		94F1FC6F1E3C45E000D141A6 /* Resources */ = {
			isa = PBXResourcesBuildPhase;
			buildActionMask = 2147483647;
			files = (
				9422BC511E3C4EC300D00B0E /* music.mp3 in Resources */,
				94F1FC7F1E3C45E000D141A6 /* LaunchScreen.storyboard in Resources */,
				94F1FC7C1E3C45E000D141A6 /* Assets.xcassets in Resources */,
				9422BC4C1E3C4B9C00D00B0E /* pokemon.csv in Resources */,
				9422BC5B1E3CECD700D00B0E /* Pokemon.ttf in Resources */,
				94F1FC7A1E3C45E000D141A6 /* Main.storyboard in Resources */,
			);
			runOnlyForDeploymentPostprocessing = 0;
		};
/* End PBXResourcesBuildPhase section */

/* Begin PBXShellScriptBuildPhase section */
		3390CC708B2EE3930B505881 /* [CP] Check Pods Manifest.lock */ = {
			isa = PBXShellScriptBuildPhase;
			buildActionMask = 2147483647;
			files = (
			);
			inputPaths = (
			);
			name = "[CP] Check Pods Manifest.lock";
			outputPaths = (
			);
			runOnlyForDeploymentPostprocessing = 0;
			shellPath = /bin/sh;
			shellScript = "diff \"${PODS_ROOT}/../Podfile.lock\" \"${PODS_ROOT}/Manifest.lock\" > /dev/null\nif [ $? != 0 ] ; then\n    # print error to STDERR\n    echo \"error: The sandbox is not in sync with the Podfile.lock. Run 'pod install' or update your CocoaPods installation.\" >&2\n    exit 1\nfi\n";
			showEnvVarsInLog = 0;
		};
		675F99401C1E8BEA00CCC17F /* [CP] Embed Pods Frameworks */ = {
			isa = PBXShellScriptBuildPhase;
			buildActionMask = 2147483647;
			files = (
			);
			inputPaths = (
			);
			name = "[CP] Embed Pods Frameworks";
			outputPaths = (
			);
			runOnlyForDeploymentPostprocessing = 0;
			shellPath = /bin/sh;
			shellScript = "\"${SRCROOT}/Pods/Target Support Files/Pods-pokedex/Pods-pokedex-frameworks.sh\"\n";
			showEnvVarsInLog = 0;
		};
		F458E539F57E5BB5323EB106 /* [CP] Copy Pods Resources */ = {
			isa = PBXShellScriptBuildPhase;
			buildActionMask = 2147483647;
			files = (
			);
			inputPaths = (
			);
			name = "[CP] Copy Pods Resources";
			outputPaths = (
			);
			runOnlyForDeploymentPostprocessing = 0;
			shellPath = /bin/sh;
			shellScript = "\"${SRCROOT}/Pods/Target Support Files/Pods-pokedex/Pods-pokedex-resources.sh\"\n";
			showEnvVarsInLog = 0;
		};
/* End PBXShellScriptBuildPhase section */

/* Begin PBXSourcesBuildPhase section */
		94F1FC6D1E3C45E000D141A6 /* Sources */ = {
			isa = PBXSourcesBuildPhase;
			buildActionMask = 2147483647;
			files = (
				9422BC541E3CDCD600D00B0E /* PokeCell.swift in Sources */,
				94F1FC771E3C45E000D141A6 /* ViewController.swift in Sources */,
				94F1FC751E3C45E000D141A6 /* AppDelegate.swift in Sources */,
				9422BC5D1E3D261D00D00B0E /* PokemonDetailVC.swift in Sources */,
				944B38961E402F6500F17F46 /* Constants.swift in Sources */,
				9422BC4F1E3C4CFB00D00B0E /* Pokemon.swift in Sources */,
				9422BC561E3CE4F800D00B0E /* csv.swift in Sources */,
			);
			runOnlyForDeploymentPostprocessing = 0;
		};
/* End PBXSourcesBuildPhase section */

/* Begin PBXVariantGroup section */
		94F1FC781E3C45E000D141A6 /* Main.storyboard */ = {
			isa = PBXVariantGroup;
			children = (
				94F1FC791E3C45E000D141A6 /* Base */,
			);
			name = Main.storyboard;
			sourceTree = "<group>";
		};
		94F1FC7D1E3C45E000D141A6 /* LaunchScreen.storyboard */ = {
			isa = PBXVariantGroup;
			children = (
				94F1FC7E1E3C45E000D141A6 /* Base */,
			);
			name = LaunchScreen.storyboard;
			sourceTree = "<group>";
		};
/* End PBXVariantGroup section */

/* Begin XCBuildConfiguration section */
		94F1FC811E3C45E000D141A6 /* Debug */ = {
			isa = XCBuildConfiguration;
			buildSettings = {
				ALWAYS_SEARCH_USER_PATHS = NO;
				CLANG_ANALYZER_NONNULL = YES;
				CLANG_CXX_LANGUAGE_STANDARD = "gnu++0x";
				CLANG_CXX_LIBRARY = "libc++";
				CLANG_ENABLE_MODULES = YES;
				CLANG_ENABLE_OBJC_ARC = YES;
				CLANG_WARN_BOOL_CONVERSION = YES;
				CLANG_WARN_CONSTANT_CONVERSION = YES;
				CLANG_WARN_DIRECT_OBJC_ISA_USAGE = YES_ERROR;
				CLANG_WARN_DOCUMENTATION_COMMENTS = YES;
				CLANG_WARN_EMPTY_BODY = YES;
				CLANG_WARN_ENUM_CONVERSION = YES;
				CLANG_WARN_INFINITE_RECURSION = YES;
				CLANG_WARN_INT_CONVERSION = YES;
				CLANG_WARN_OBJC_ROOT_CLASS = YES_ERROR;
				CLANG_WARN_SUSPICIOUS_MOVE = YES;
				CLANG_WARN_UNREACHABLE_CODE = YES;
				CLANG_WARN__DUPLICATE_METHOD_MATCH = YES;
				"CODE_SIGN_IDENTITY[sdk=iphoneos*]" = "iPhone Developer";
				COPY_PHASE_STRIP = NO;
				DEBUG_INFORMATION_FORMAT = dwarf;
				ENABLE_STRICT_OBJC_MSGSEND = YES;
				ENABLE_TESTABILITY = YES;
				GCC_C_LANGUAGE_STANDARD = gnu99;
				GCC_DYNAMIC_NO_PIC = NO;
				GCC_NO_COMMON_BLOCKS = YES;
				GCC_OPTIMIZATION_LEVEL = 0;
				GCC_PREPROCESSOR_DEFINITIONS = (
					"DEBUG=1",
					"$(inherited)",
				);
				GCC_WARN_64_TO_32_BIT_CONVERSION = YES;
				GCC_WARN_ABOUT_RETURN_TYPE = YES_ERROR;
				GCC_WARN_UNDECLARED_SELECTOR = YES;
				GCC_WARN_UNINITIALIZED_AUTOS = YES_AGGRESSIVE;
				GCC_WARN_UNUSED_FUNCTION = YES;
				GCC_WARN_UNUSED_VARIABLE = YES;
				IPHONEOS_DEPLOYMENT_TARGET = 10.2;
				MTL_ENABLE_DEBUG_INFO = YES;
				ONLY_ACTIVE_ARCH = YES;
				SDKROOT = iphoneos;
				SWIFT_ACTIVE_COMPILATION_CONDITIONS = DEBUG;
				SWIFT_OPTIMIZATION_LEVEL = "-Onone";
				TARGETED_DEVICE_FAMILY = "1,2";
			};
			name = Debug;
		};
		94F1FC821E3C45E000D141A6 /* Release */ = {
			isa = XCBuildConfiguration;
			buildSettings = {
				ALWAYS_SEARCH_USER_PATHS = NO;
				CLANG_ANALYZER_NONNULL = YES;
				CLANG_CXX_LANGUAGE_STANDARD = "gnu++0x";
				CLANG_CXX_LIBRARY = "libc++";
				CLANG_ENABLE_MODULES = YES;
				CLANG_ENABLE_OBJC_ARC = YES;
				CLANG_WARN_BOOL_CONVERSION = YES;
				CLANG_WARN_CONSTANT_CONVERSION = YES;
				CLANG_WARN_DIRECT_OBJC_ISA_USAGE = YES_ERROR;
				CLANG_WARN_DOCUMENTATION_COMMENTS = YES;
				CLANG_WARN_EMPTY_BODY = YES;
				CLANG_WARN_ENUM_CONVERSION = YES;
				CLANG_WARN_INFINITE_RECURSION = YES;
				CLANG_WARN_INT_CONVERSION = YES;
				CLANG_WARN_OBJC_ROOT_CLASS = YES_ERROR;
				CLANG_WARN_SUSPICIOUS_MOVE = YES;
				CLANG_WARN_UNREACHABLE_CODE = YES;
				CLANG_WARN__DUPLICATE_METHOD_MATCH = YES;
				"CODE_SIGN_IDENTITY[sdk=iphoneos*]" = "iPhone Developer";
				COPY_PHASE_STRIP = NO;
				DEBUG_INFORMATION_FORMAT = "dwarf-with-dsym";
				ENABLE_NS_ASSERTIONS = NO;
				ENABLE_STRICT_OBJC_MSGSEND = YES;
				GCC_C_LANGUAGE_STANDARD = gnu99;
				GCC_NO_COMMON_BLOCKS = YES;
				GCC_WARN_64_TO_32_BIT_CONVERSION = YES;
				GCC_WARN_ABOUT_RETURN_TYPE = YES_ERROR;
				GCC_WARN_UNDECLARED_SELECTOR = YES;
				GCC_WARN_UNINITIALIZED_AUTOS = YES_AGGRESSIVE;
				GCC_WARN_UNUSED_FUNCTION = YES;
				GCC_WARN_UNUSED_VARIABLE = YES;
				IPHONEOS_DEPLOYMENT_TARGET = 10.2;
				MTL_ENABLE_DEBUG_INFO = NO;
				SDKROOT = iphoneos;
				SWIFT_OPTIMIZATION_LEVEL = "-Owholemodule";
				TARGETED_DEVICE_FAMILY = "1,2";
				VALIDATE_PRODUCT = YES;
			};
			name = Release;
		};
		94F1FC841E3C45E000D141A6 /* Debug */ = {
			isa = XCBuildConfiguration;
			baseConfigurationReference = 18791B6E57AF87890E2967E9 /* Pods-pokedex.debug.xcconfig */;
			buildSettings = {
				ASSETCATALOG_COMPILER_APPICON_NAME = AppIcon;
				INFOPLIST_FILE = pokedex/Info.plist;
				LD_RUNPATH_SEARCH_PATHS = "$(inherited) @executable_path/Frameworks";
				PRODUCT_BUNDLE_IDENTIFIER = com.inforia.pokedex;
				PRODUCT_NAME = "$(TARGET_NAME)";
				SWIFT_VERSION = 3.0;
			};
			name = Debug;
		};
		94F1FC851E3C45E000D141A6 /* Release */ = {
			isa = XCBuildConfiguration;
			baseConfigurationReference = AB5BAA11AF53DAF2ABDC87FE /* Pods-pokedex.release.xcconfig */;
			buildSettings = {
				ASSETCATALOG_COMPILER_APPICON_NAME = AppIcon;
				INFOPLIST_FILE = pokedex/Info.plist;
				LD_RUNPATH_SEARCH_PATHS = "$(inherited) @executable_path/Frameworks";
				PRODUCT_BUNDLE_IDENTIFIER = com.inforia.pokedex;
				PRODUCT_NAME = "$(TARGET_NAME)";
				SWIFT_VERSION = 3.0;
			};
			name = Release;
		};
/* End XCBuildConfiguration section */

/* Begin XCConfigurationList section */
		94F1FC6C1E3C45E000D141A6 /* Build configuration list for PBXProject "pokedex" */ = {
			isa = XCConfigurationList;
			buildConfigurations = (
				94F1FC811E3C45E000D141A6 /* Debug */,
				94F1FC821E3C45E000D141A6 /* Release */,
			);
			defaultConfigurationIsVisible = 0;
			defaultConfigurationName = Release;
		};
		94F1FC831E3C45E000D141A6 /* Build configuration list for PBXNativeTarget "pokedex" */ = {
			isa = XCConfigurationList;
			buildConfigurations = (
				94F1FC841E3C45E000D141A6 /* Debug */,
				94F1FC851E3C45E000D141A6 /* Release */,
			);
			defaultConfigurationIsVisible = 0;
			defaultConfigurationName = Release;
		};
/* End XCConfigurationList section */
	};
	rootObject = 94F1FC691E3C45E000D141A6 /* Project object */;
}
